{
  "name": "angular-finiq",
  "version": "1.0.0",
  "lockfileVersion": 1,
  "requires": true,
  "dependencies": {
    "aditya-finiq-package-demo": {
      "version": "1.0.0",
      "resolved": "https://registry.npmjs.org/aditya-finiq-package-demo/-/aditya-finiq-package-demo-1.0.0.tgz",
      "integrity": "sha512-exteiIy2gdXTNVychKrWi2VgFwo9OUEmiJ3sFj18MHsqWwM/9Htv+JjV/XfdAR3UriPpTop/FBIrydSDpGojcQ=="
    }
  }
}
